
Microsoft Visual Studio Solution File, Format Version 12.00
# Visual Studio Version 16
VisualStudioVersion = 16.0.30804.86
MinimumVisualStudioVersion = 10.0.40219.1
Project("{9A19103F-16F7-4668-BE54-9A1E7A4F7556}") = "Vehicles.Common", "Vehicles\Vehicles.Common.csproj", "{C6CED82E-A55F-4C69-9076-DA00C59E66B0}"
EndProject
Project("{9A19103F-16F7-4668-BE54-9A1E7A4F7556}") = "Vehicles.API", "Vehicles.API\Vehicles.API.csproj", "{987A68EA-95CE-499E-8501-171538621BC3}"
EndProject
Project("{FAE04EC0-301F-11D3-BF4B-00C04F79EFBC}") = "Vehicles.Prism", "Vehicles.Prism\Vehicles.Prism\Vehicles.Prism.csproj", "{FD2B5E75-2C15-4FAE-9FF2-6C4940CC47AE}"
EndProject
Project("{FAE04EC0-301F-11D3-BF4B-00C04F79EFBC}") = "Vehicles.Prism.Android", "Vehicles.Prism\Vehicles.Prism.Android\Vehicles.Prism.Android.csproj", "{BC566548-56C9-45B8-8780-4B1A8AD93177}"
EndProject
Project("{FAE04EC0-301F-11D3-BF4B-00C04F79EFBC}") = "Vehicles.Prism.iOS", "Vehicles.Prism\Vehicles.Prism.iOS\Vehicles.Prism.iOS.csproj", "{ACBF48C1-DCB6-4A6C-9CBC-F8A6115D6117}"
EndProject
Global
	GlobalSection(SolutionConfigurationPlatforms) = preSolution
		Ad-Hoc|Any CPU = Ad-Hoc|Any CPU
		Ad-Hoc|iPhone = Ad-Hoc|iPhone
		Ad-Hoc|iPhoneSimulator = Ad-Hoc|iPhoneSimulator
		AppStore|Any CPU = AppStore|Any CPU
		AppStore|iPhone = AppStore|iPhone
		AppStore|iPhoneSimulator = AppStore|iPhoneSimulator
		Debug|Any CPU = Debug|Any CPU
		Debug|iPhone = Debug|iPhone
		Debug|iPhoneSimulator = Debug|iPhoneSimulator
		Release|Any CPU = Release|Any CPU
		Release|iPhone = Release|iPhone
		Release|iPhoneSimulator = Release|iPhoneSimulator
	EndGlobalSection
	GlobalSection(ProjectConfigurationPlatforms) = postSolution
		{C6CED82E-A55F-4C69-9076-DA00C59E66B0}.Ad-Hoc|Any CPU.ActiveCfg = Release|Any CPU
		{C6CED82E-A55F-4C69-9076-DA00C59E66B0}.Ad-Hoc|Any CPU.Build.0 = Release|Any CPU
		{C6CED82E-A55F-4C69-9076-DA00C59E66B0}.Ad-Hoc|iPhone.ActiveCfg = Release|Any CPU
		{C6CED82E-A55F-4C69-9076-DA00C59E66B0}.Ad-Hoc|iPhone.Build.0 = Release|Any CPU
		{C6CED82E-A55F-4C69-9076-DA00C59E66B0}.Ad-Hoc|iPhoneSimulator.ActiveCfg = Release|Any CPU
		{C6CED82E-A55F-4C69-9076-DA00C59E66B0}.Ad-Hoc|iPhoneSimulator.Build.0 = Release|Any CPU
		{C6CED82E-A55F-4C69-9076-DA00C59E66B0}.AppStore|Any CPU.ActiveCfg = Release|Any CPU
		{C6CED82E-A55F-4C69-9076-DA00C59E66B0}.AppStore|Any CPU.Build.0 = Release|Any CPU
		{C6CED82E-A55F-4C69-9076-DA00C59E66B0}.AppStore|iPhone.ActiveCfg = Release|Any CPU
		{C6CED82E-A55F-4C69-9076-DA00C59E66B0}.AppStore|iPhone.Build.0 = Release|Any CPU
		{C6CED82E-A55F-4C69-9076-DA00C59E66B0}.AppStore|iPhoneSimulator.ActiveCfg = Release|Any CPU
		{C6CED82E-A55F-4C69-9076-DA00C59E66B0}.AppStore|iPhoneSimulator.Build.0 = Release|Any CPU
		{C6CED82E-A55F-4C69-9076-DA00C59E66B0}.Debug|Any CPU.ActiveCfg = Debug|Any CPU
		{C6CED82E-A55F-4C69-9076-DA00C59E66B0}.Debug|Any CPU.Build.0 = Debug|Any CPU
		{C6CED82E-A55F-4C69-9076-DA00C59E66B0}.Debug|iPhone.ActiveCfg = Debug|Any CPU
		{C6CED82E-A55F-4C69-9076-DA00C59E66B0}.Debug|iPhone.Build.0 = Debug|Any CPU
		{C6CED82E-A55F-4C69-9076-DA00C59E66B0}.Debug|iPhoneSimulator.ActiveCfg = Debug|Any CPU
		{C6CED82E-A55F-4C69-9076-DA00C59E66B0}.Debug|iPhoneSimulator.Build.0 = Debug|Any CPU
		{C6CED82E-A55F-4C69-9076-DA00C59E66B0}.Release|Any CPU.ActiveCfg = Release|Any CPU
		{C6CED82E-A55F-4C69-9076-DA00C59E66B0}.Release|Any CPU.Build.0 = Release|Any CPU
		{C6CED82E-A55F-4C69-9076-DA00C59E66B0}.Release|iPhone.ActiveCfg = Release|Any CPU
		{C6CED82E-A55F-4C69-9076-DA00C59E66B0}.Release|iPhone.Build.0 = Release|Any CPU
		{C6CED82E-A55F-4C69-9076-DA00C59E66B0}.Release|iPhoneSimulator.ActiveCfg = Release|Any CPU
		{C6CED82E-A55F-4C69-9076-DA00C59E66B0}.Release|iPhoneSimulator.Build.0 = Release|Any CPU
		{987A68EA-95CE-499E-8501-171538621BC3}.Ad-Hoc|Any CPU.ActiveCfg = Release|Any CPU
		{987A68EA-95CE-499E-8501-171538621BC3}.Ad-Hoc|Any CPU.Build.0 = Release|Any CPU
		{987A68EA-95CE-499E-8501-171538621BC3}.Ad-Hoc|iPhone.ActiveCfg = Release|Any CPU
		{987A68EA-95CE-499E-8501-171538621BC3}.Ad-Hoc|iPhone.Build.0 = Release|Any CPU
		{987A68EA-95CE-499E-8501-171538621BC3}.Ad-Hoc|iPhoneSimulator.ActiveCfg = Release|Any CPU
		{987A68EA-95CE-499E-8501-171538621BC3}.Ad-Hoc|iPhoneSimulator.Build.0 = Release|Any CPU
		{987A68EA-95CE-499E-8501-171538621BC3}.AppStore|Any CPU.ActiveCfg = Release|Any CPU
		{987A68EA-95CE-499E-8501-171538621BC3}.AppStore|Any CPU.Build.0 = Release|Any CPU
		{987A68EA-95CE-499E-8501-171538621BC3}.AppStore|iPhone.ActiveCfg = Release|Any CPU
		{987A68EA-95CE-499E-8501-171538621BC3}.AppStore|iPhone.Build.0 = Release|Any CPU
		{987A68EA-95CE-499E-8501-171538621BC3}.AppStore|iPhoneSimulator.ActiveCfg = Release|Any CPU
		{987A68EA-95CE-499E-8501-171538621BC3}.AppStore|iPhoneSimulator.Build.0 = Release|Any CPU
		{987A68EA-95CE-499E-8501-171538621BC3}.Debug|Any CPU.ActiveCfg = Debug|Any CPU
		{987A68EA-95CE-499E-8501-171538621BC3}.Debug|Any CPU.Build.0 = Debug|Any CPU
		{987A68EA-95CE-499E-8501-171538621BC3}.Debug|iPhone.ActiveCfg = Debug|Any CPU
		{987A68EA-95CE-499E-8501-171538621BC3}.Debug|iPhone.Build.0 = Debug|Any CPU
		{987A68EA-95CE-499E-8501-171538621BC3}.Debug|iPhoneSimulator.ActiveCfg = Debug|Any CPU
		{987A68EA-95CE-499E-8501-171538621BC3}.Debug|iPhoneSimulator.Build.0 = Debug|Any CPU
		{987A68EA-95CE-499E-8501-171538621BC3}.Release|Any CPU.ActiveCfg = Release|Any CPU
		{987A68EA-95CE-499E-8501-171538621BC3}.Release|Any CPU.Build.0 = Release|Any CPU
		{987A68EA-95CE-499E-8501-171538621BC3}.Release|iPhone.ActiveCfg = Release|Any CPU
		{987A68EA-95CE-499E-8501-171538621BC3}.Release|iPhone.Build.0 = Release|Any CPU
		{987A68EA-95CE-499E-8501-171538621BC3}.Release|iPhoneSimulator.ActiveCfg = Release|Any CPU
		{987A68EA-95CE-499E-8501-171538621BC3}.Release|iPhoneSimulator.Build.0 = Release|Any CPU
		{FD2B5E75-2C15-4FAE-9FF2-6C4940CC47AE}.Ad-Hoc|Any CPU.ActiveCfg = Debug|Any CPU
		{FD2B5E75-2C15-4FAE-9FF2-6C4940CC47AE}.Ad-Hoc|Any CPU.Build.0 = Debug|Any CPU
		{FD2B5E75-2C15-4FAE-9FF2-6C4940CC47AE}.Ad-Hoc|iPhone.ActiveCfg = Debug|Any CPU
		{FD2B5E75-2C15-4FAE-9FF2-6C4940CC47AE}.Ad-Hoc|iPhone.Build.0 = Debug|Any CPU
		{FD2B5E75-2C15-4FAE-9FF2-6C4940CC47AE}.Ad-Hoc|iPhoneSimulator.ActiveCfg = Debug|Any CPU
		{FD2B5E75-2C15-4FAE-9FF2-6C4940CC47AE}.Ad-Hoc|iPhoneSimulator.Build.0 = Debug|Any CPU
		{FD2B5E75-2C15-4FAE-9FF2-6C4940CC47AE}.AppStore|Any CPU.ActiveCfg = Debug|Any CPU
		{FD2B5E75-2C15-4FAE-9FF2-6C4940CC47AE}.AppStore|Any CPU.Build.0 = Debug|Any CPU
		{FD2B5E75-2C15-4FAE-9FF2-6C4940CC47AE}.AppStore|iPhone.ActiveCfg = Debug|Any CPU
		{FD2B5E75-2C15-4FAE-9FF2-6C4940CC47AE}.AppStore|iPhone.Build.0 = Debug|Any CPU
		{FD2B5E75-2C15-4FAE-9FF2-6C4940CC47AE}.AppStore|iPhoneSimulator.ActiveCfg = Debug|Any CPU
		{FD2B5E75-2C15-4FAE-9FF2-6C4940CC47AE}.AppStore|iPhoneSimulator.Build.0 = Debug|Any CPU
		{FD2B5E75-2C15-4FAE-9FF2-6C4940CC47AE}.Debug|Any CPU.ActiveCfg = Debug|Any CPU
		{FD2B5E75-2C15-4FAE-9FF2-6C4940CC47AE}.Debug|Any CPU.Build.0 = Debug|Any CPU
		{FD2B5E75-2C15-4FAE-9FF2-6C4940CC47AE}.Debug|iPhone.ActiveCfg = Debug|Any CPU
		{FD2B5E75-2C15-4FAE-9FF2-6C4940CC47AE}.Debug|iPhone.Build.0 = Debug|Any CPU
		{FD2B5E75-2C15-4FAE-9FF2-6C4940CC47AE}.Debug|iPhoneSimulator.ActiveCfg = Debug|Any CPU
		{FD2B5E75-2C15-4FAE-9FF2-6C4940CC47AE}.Debug|iPhoneSimulator.Build.0 = Debug|Any CPU
		{FD2B5E75-2C15-4FAE-9FF2-6C4940CC47AE}.Release|Any CPU.ActiveCfg = Release|Any CPU
		{FD2B5E75-2C15-4FAE-9FF2-6C4940CC47AE}.Release|Any CPU.Build.0 = Release|Any CPU
		{FD2B5E75-2C15-4FAE-9FF2-6C4940CC47AE}.Release|iPhone.ActiveCfg = Release|Any CPU
		{FD2B5E75-2C15-4FAE-9FF2-6C4940CC47AE}.Release|iPhone.Build.0 = Release|Any CPU
		{FD2B5E75-2C15-4FAE-9FF2-6C4940CC47AE}.Release|iPhoneSimulator.ActiveCfg = Release|Any CPU
		{FD2B5E75-2C15-4FAE-9FF2-6C4940CC47AE}.Release|iPhoneSimulator.Build.0 = Release|Any CPU
		{BC566548-56C9-45B8-8780-4B1A8AD93177}.Ad-Hoc|Any CPU.ActiveCfg = Debug|Any CPU
		{BC566548-56C9-45B8-8780-4B1A8AD93177}.Ad-Hoc|Any CPU.Build.0 = Debug|Any CPU
		{BC566548-56C9-45B8-8780-4B1A8AD93177}.Ad-Hoc|Any CPU.Deploy.0 = Debug|Any CPU
		{BC566548-56C9-45B8-8780-4B1A8AD93177}.Ad-Hoc|iPhone.ActiveCfg = Debug|Any CPU
		{BC566548-56C9-45B8-8780-4B1A8AD93177}.Ad-Hoc|iPhone.Build.0 = Debug|Any CPU
		{BC566548-56C9-45B8-8780-4B1A8AD93177}.Ad-Hoc|iPhone.Deploy.0 = Debug|Any CPU
		{BC566548-56C9-45B8-8780-4B1A8AD93177}.Ad-Hoc|iPhoneSimulator.ActiveCfg = Debug|Any CPU
		{BC566548-56C9-45B8-8780-4B1A8AD93177}.Ad-Hoc|iPhoneSimulator.Build.0 = Debug|Any CPU
		{BC566548-56C9-45B8-8780-4B1A8AD93177}.Ad-Hoc|iPhoneSimulator.Deploy.0 = Debug|Any CPU
		{BC566548-56C9-45B8-8780-4B1A8AD93177}.AppStore|Any CPU.ActiveCfg = Debug|Any CPU
		{BC566548-56C9-45B8-8780-4B1A8AD93177}.AppStore|Any CPU.Build.0 = Debug|Any CPU
		{BC566548-56C9-45B8-8780-4B1A8AD93177}.AppStore|Any CPU.Deploy.0 = Debug|Any CPU
		{BC566548-56C9-45B8-8780-4B1A8AD93177}.AppStore|iPhone.ActiveCfg = Debug|Any CPU
		{BC566548-56C9-45B8-8780-4B1A8AD93177}.AppStore|iPhone.Build.0 = Debug|Any CPU
		{BC566548-56C9-45B8-8780-4B1A8AD93177}.AppStore|iPhone.Deploy.0 = Debug|Any CPU
		{BC566548-56C9-45B8-8780-4B1A8AD93177}.AppStore|iPhoneSimulator.ActiveCfg = Debug|Any CPU
		{BC566548-56C9-45B8-8780-4B1A8AD93177}.AppStore|iPhoneSimulator.Build.0 = Debug|Any CPU
		{BC566548-56C9-45B8-8780-4B1A8AD93177}.AppStore|iPhoneSimulator.Deploy.0 = Debug|Any CPU
		{BC566548-56C9-45B8-8780-4B1A8AD93177}.Debug|Any CPU.ActiveCfg = Debug|Any CPU
		{BC566548-56C9-45B8-8780-4B1A8AD93177}.Debug|Any CPU.Build.0 = Debug|Any CPU
		{BC566548-56C9-45B8-8780-4B1A8AD93177}.Debug|Any CPU.Deploy.0 = Debug|Any CPU
		{BC566548-56C9-45B8-8780-4B1A8AD93177}.Debug|iPhone.ActiveCfg = Debug|Any CPU
		{BC566548-56C9-45B8-8780-4B1A8AD93177}.Debug|iPhone.Build.0 = Debug|Any CPU
		{BC566548-56C9-45B8-8780-4B1A8AD93177}.Debug|iPhone.Deploy.0 = Debug|Any CPU
		{BC566548-56C9-45B8-8780-4B1A8AD93177}.Debug|iPhoneSimulator.ActiveCfg = Debug|Any CPU
		{BC566548-56C9-45B8-8780-4B1A8AD93177}.Debug|iPhoneSimulator.Build.0 = Debug|Any CPU
		{BC566548-56C9-45B8-8780-4B1A8AD93177}.Debug|iPhoneSimulator.Deploy.0 = Debug|Any CPU
		{BC566548-56C9-45B8-8780-4B1A8AD93177}.Release|Any CPU.ActiveCfg = Release|Any CPU
		{BC566548-56C9-45B8-8780-4B1A8AD93177}.Release|Any CPU.Build.0 = Release|Any CPU
		{BC566548-56C9-45B8-8780-4B1A8AD93177}.Release|Any CPU.Deploy.0 = Release|Any CPU
		{BC566548-56C9-45B8-8780-4B1A8AD93177}.Release|iPhone.ActiveCfg = Release|Any CPU
		{BC566548-56C9-45B8-8780-4B1A8AD93177}.Release|iPhone.Build.0 = Release|Any CPU
		{BC566548-56C9-45B8-8780-4B1A8AD93177}.Release|iPhone.Deploy.0 = Release|Any CPU
		{BC566548-56C9-45B8-8780-4B1A8AD93177}.Release|iPhoneSimulator.ActiveCfg = Release|Any CPU
		{BC566548-56C9-45B8-8780-4B1A8AD93177}.Release|iPhoneSimulator.Build.0 = Release|Any CPU
		{BC566548-56C9-45B8-8780-4B1A8AD93177}.Release|iPhoneSimulator.Deploy.0 = Release|Any CPU
		{ACBF48C1-DCB6-4A6C-9CBC-F8A6115D6117}.Ad-Hoc|Any CPU.ActiveCfg = Ad-Hoc|iPhoneSimulator
		{ACBF48C1-DCB6-4A6C-9CBC-F8A6115D6117}.Ad-Hoc|iPhone.ActiveCfg = Ad-Hoc|iPhone
		{ACBF48C1-DCB6-4A6C-9CBC-F8A6115D6117}.Ad-Hoc|iPhone.Build.0 = Ad-Hoc|iPhone
		{ACBF48C1-DCB6-4A6C-9CBC-F8A6115D6117}.Ad-Hoc|iPhoneSimulator.ActiveCfg = Ad-Hoc|iPhoneSimulator
		{ACBF48C1-DCB6-4A6C-9CBC-F8A6115D6117}.Ad-Hoc|iPhoneSimulator.Build.0 = Ad-Hoc|iPhoneSimulator
		{ACBF48C1-DCB6-4A6C-9CBC-F8A6115D6117}.AppStore|Any CPU.ActiveCfg = AppStore|iPhoneSimulator
		{ACBF48C1-DCB6-4A6C-9CBC-F8A6115D6117}.AppStore|iPhone.ActiveCfg = AppStore|iPhone
		{ACBF48C1-DCB6-4A6C-9CBC-F8A6115D6117}.AppStore|iPhone.Build.0 = AppStore|iPhone
		{ACBF48C1-DCB6-4A6C-9CBC-F8A6115D6117}.AppStore|iPhoneSimulator.ActiveCfg = AppStore|iPhoneSimulator
		{ACBF48C1-DCB6-4A6C-9CBC-F8A6115D6117}.AppStore|iPhoneSimulator.Build.0 = AppStore|iPhoneSimulator
		{ACBF48C1-DCB6-4A6C-9CBC-F8A6115D6117}.Debug|Any CPU.ActiveCfg = Debug|iPhoneSimulator
		{ACBF48C1-DCB6-4A6C-9CBC-F8A6115D6117}.Debug|iPhone.ActiveCfg = Debug|iPhone
		{ACBF48C1-DCB6-4A6C-9CBC-F8A6115D6117}.Debug|iPhone.Build.0 = Debug|iPhone
		{ACBF48C1-DCB6-4A6C-9CBC-F8A6115D6117}.Debug|iPhoneSimulator.ActiveCfg = Debug|iPhoneSimulator
		{ACBF48C1-DCB6-4A6C-9CBC-F8A6115D6117}.Debug|iPhoneSimulator.Build.0 = Debug|iPhoneSimulator
		{ACBF48C1-DCB6-4A6C-9CBC-F8A6115D6117}.Release|Any CPU.ActiveCfg = Release|iPhoneSimulator
		{ACBF48C1-DCB6-4A6C-9CBC-F8A6115D6117}.Release|iPhone.ActiveCfg = Release|iPhone
		{ACBF48C1-DCB6-4A6C-9CBC-F8A6115D6117}.Release|iPhone.Build.0 = Release|iPhone
		{ACBF48C1-DCB6-4A6C-9CBC-F8A6115D6117}.Release|iPhoneSimulator.ActiveCfg = Release|iPhoneSimulator
		{ACBF48C1-DCB6-4A6C-9CBC-F8A6115D6117}.Release|iPhoneSimulator.Build.0 = Release|iPhoneSimulator
	EndGlobalSection
	GlobalSection(SolutionProperties) = preSolution
		HideSolutionNode = FALSE
	EndGlobalSection
	GlobalSection(ExtensibilityGlobals) = postSolution
		SolutionGuid = {55FE80C6-E141-4AF2-B8F2-B2AE3AA8CE6F}
	EndGlobalSection
EndGlobal
